
Microsoft Visual Studio Solution File, Format Version 12.00
# Visual Studio Version 17
VisualStudioVersion = 17.7.34003.232
MinimumVisualStudioVersion = 10.0.40219.1
Project("{FAE04EC0-301F-11D3-BF4B-00C04F79EFBC}") = "RemoteCarControll", "RemoteCarControll\RemoteCarControll.csproj", "{318E61EA-599D-4233-8A51-A653768277D4}"
EndProject
Global
	GlobalSection(SolutionConfigurationPlatforms) = preSolution
		Debug|Any CPU = Debug|Any CPU
		Release|Any CPU = Release|Any CPU
	EndGlobalSection
	GlobalSection(ProjectConfigurationPlatforms) = postSolution
		{318E61EA-599D-4233-8A51-A653768277D4}.Debug|Any CPU.ActiveCfg = Debug|Any CPU
		{318E61EA-599D-4233-8A51-A653768277D4}.Debug|Any CPU.Build.0 = Debug|Any CPU
		{318E61EA-599D-4233-8A51-A653768277D4}.Release|Any CPU.ActiveCfg = Release|Any CPU
		{318E61EA-599D-4233-8A51-A653768277D4}.Release|Any CPU.Build.0 = Release|Any CPU
	EndGlobalSection
	GlobalSection(SolutionProperties) = preSolution
		HideSolutionNode = FALSE
	EndGlobalSection
	GlobalSection(ExtensibilityGlobals) = postSolution
		SolutionGuid = {BC59CD86-1018-4388-A64E-2F41E1682214}
	EndGlobalSection
EndGlobal
